
Microsoft Visual Studio Solution File, Format Version 12.00
# Visual Studio 15
VisualStudioVersion = 15.0.28307.421
MinimumVisualStudioVersion = 10.0.40219.1
Project("{9A19103F-16F7-4668-BE54-9A1E7A4F7556}") = "DTBPublisherService", "DTBPublisherService\DTBPublisherService.csproj", "{BAFDE714-EF83-4FD8-B35D-2BF445799463}"
EndProject
Project("{9A19103F-16F7-4668-BE54-9A1E7A4F7556}") = "DTBPublisherService.UnitTests", "DTBPublisherService.UnitTests\DTBPublisherService.UnitTests.csproj", "{263DEE7E-6928-432B-B24E-3D7A93D0CAE3}"
EndProject
Project("{2150E333-8FDC-42A3-9474-1A3956D46DE8}") = "Deployment", "Deployment", "{658DA8C2-8613-4CD1-8A6A-CCEC8E26174E}"
	ProjectSection(SolutionItems) = preProject
		.gitlab-ci.yml = .gitlab-ci.yml
	EndProjectSection
EndProject
Global
	GlobalSection(SolutionConfigurationPlatforms) = preSolution
		Debug|Any CPU = Debug|Any CPU
		Release|Any CPU = Release|Any CPU
	EndGlobalSection
	GlobalSection(ProjectConfigurationPlatforms) = postSolution
		{BAFDE714-EF83-4FD8-B35D-2BF445799463}.Debug|Any CPU.ActiveCfg = Debug|Any CPU
		{BAFDE714-EF83-4FD8-B35D-2BF445799463}.Debug|Any CPU.Build.0 = Debug|Any CPU
		{BAFDE714-EF83-4FD8-B35D-2BF445799463}.Release|Any CPU.ActiveCfg = Release|Any CPU
		{BAFDE714-EF83-4FD8-B35D-2BF445799463}.Release|Any CPU.Build.0 = Release|Any CPU
		{263DEE7E-6928-432B-B24E-3D7A93D0CAE3}.Debug|Any CPU.ActiveCfg = Debug|Any CPU
		{263DEE7E-6928-432B-B24E-3D7A93D0CAE3}.Debug|Any CPU.Build.0 = Debug|Any CPU
		{263DEE7E-6928-432B-B24E-3D7A93D0CAE3}.Release|Any CPU.ActiveCfg = Release|Any CPU
		{263DEE7E-6928-432B-B24E-3D7A93D0CAE3}.Release|Any CPU.Build.0 = Release|Any CPU
	EndGlobalSection
	GlobalSection(SolutionProperties) = preSolution
		HideSolutionNode = FALSE
	EndGlobalSection
	GlobalSection(ExtensibilityGlobals) = postSolution
		SolutionGuid = {5BA0C379-F79C-4028-8DBC-7F4381C48C23}
	EndGlobalSection
EndGlobal
